<?xml version="1.0" encoding="utf-8"?>
<Project ToolsVersion="4.0" xmlns="http://schemas.microsoft.com/developer/msbuild/2003">
  <ItemGroup>
    <Filter Include="Source Files">
      <UniqueIdentifier>{4FC737F1-C7A5-4376-A066-2A32D752A2FF}</UniqueIdentifier>
      <Extensions>cpp;c;cc;cxx;def;odl;idl;hpj;bat;asm;asmx</Extensions>
    </Filter>
    <Filter Include="Header Files">
      <UniqueIdentifier>{93995380-89BD-4b04-88EB-625FBE52EBFB}</UniqueIdentifier>
      <Extensions>h;hpp;hxx;hm;inl;inc;xsd</Extensions>
    </Filter>
    <Filter Include="Resource Files">
      <UniqueIdentifier>{67DA6AB6-F800-4c08-8B7A-83BB121AAD01}</UniqueIdentifier>
      <Extensions>rc;ico;cur;bmp;dlg;rc2;rct;bin;rgs;gif;jpg;jpeg;jpe;resx;tiff;tif;png;wav;mfcribbon-ms</Extensions>
    </Filter>
    <Filter Include="shaders">
      <UniqueIdentifier>{62974e31-ebd7-41d9-970f-c1f4c4f9663c}</UniqueIdentifier>
    </Filter>
    <Filter Include="../my_raycasting">
      <UniqueIdentifier>{73922307-b79f-4f30-9549-de463b361c69}</UniqueIdentifier>
    </Filter>
  </ItemGroup>
  <ItemGroup>
    <ClInclude Include="color.h">
      <Filter>Header Files</Filter>
    </ClInclude>
    <ClInclude Include="k_means.h">
      <Filter>Header Files</Filter>
    </ClInclude>
    <ClInclude Include="transfer_function.h">
      <Filter>Header Files</Filter>
    </ClInclude>
    <ClInclude Include="Vector3.h">
      <Filter>Header Files</Filter>
    </ClInclude>
    <ClInclude Include="Volume.h">
      <Filter>Header Files</Filter>
    </ClInclude>
    <ClInclude Include="..\my_raycasting\VolumeReader.h">
      <Filter>../my_raycasting</Filter>
    </ClInclude>
    <ClInclude Include="story.h">
      <Filter>Header Files</Filter>
    </ClInclude>
    <ClInclude Include="..\my_raycasting\textfile.h">
      <Filter>../my_raycasting</Filter>
    </ClInclude>
  </ItemGroup>
  <ItemGroup>
    <None Include="simple_vertex.vert">
      <Filter>shaders</Filter>
    </None>
    <None Include="my_raycasting.frag">
      <Filter>shaders</Filter>
    </None>
  </ItemGroup>
  <ItemGroup>
    <ClCompile Include="Volume.cpp">
      <Filter>Source Files</Filter>
    </ClCompile>
    <ClCompile Include="BenBenRaycasting.cpp">
      <Filter>Source Files</Filter>
    </ClCompile>
  </ItemGroup>
</Project>