<?xml version="1.0" encoding="utf-8"?>
<Project ToolsVersion="4.0" xmlns="http://schemas.microsoft.com/developer/msbuild/2003">
  <ItemGroup>
    <Filter Include="Source Files">
      <UniqueIdentifier>{4FC737F1-C7A5-4376-A066-2A32D752A2FF}</UniqueIdentifier>
      <Extensions>cpp;c;cc;cxx;def;odl;idl;hpj;bat;asm;asmx</Extensions>
    </Filter>
    <Filter Include="Header Files">
      <UniqueIdentifier>{93995380-89BD-4b04-88EB-625FBE52EBFB}</UniqueIdentifier>
      <Extensions>h;hpp;hxx;hm;inl;inc;xsd</Extensions>
    </Filter>
    <Filter Include="Resource Files">
      <UniqueIdentifier>{67DA6AB6-F800-4c08-8B7A-83BB121AAD01}</UniqueIdentifier>
      <Extensions>rc;ico;cur;bmp;dlg;rc2;rct;bin;rgs;gif;jpg;jpeg;jpe;resx;tiff;tif;png;wav;mfcribbon-ms</Extensions>
    </Filter>
    <Filter Include="../my_raycasting">
      <UniqueIdentifier>{2d899970-8b98-4f2c-9892-cadbe369a226}</UniqueIdentifier>
    </Filter>
    <Filter Include="../raycasting_with_tags">
      <UniqueIdentifier>{331d5ed4-e636-4d5c-b6c1-db27328ea9e4}</UniqueIdentifier>
    </Filter>
  </ItemGroup>
  <ItemGroup>
    <ClCompile Include="main.cpp">
      <Filter>Source Files</Filter>
    </ClCompile>
  </ItemGroup>
  <ItemGroup>
    <ClInclude Include="..\my_raycasting\filename_utility.h">
      <Filter>../my_raycasting</Filter>
    </ClInclude>
    <ClInclude Include="..\my_raycasting\reader.h">
      <Filter>../my_raycasting</Filter>
    </ClInclude>
    <ClInclude Include="..\my_raycasting\textfile.h">
      <Filter>../my_raycasting</Filter>
    </ClInclude>
    <ClInclude Include="..\my_raycasting\VolumeReader.h">
      <Filter>../my_raycasting</Filter>
    </ClInclude>
    <ClInclude Include="..\my_raycasting\volume_utility.h">
      <Filter>../my_raycasting</Filter>
    </ClInclude>
    <ClInclude Include="..\raycasting_with_tags\reader_tag.h">
      <Filter>../raycasting_with_tags</Filter>
    </ClInclude>
    <ClInclude Include="..\raycasting_with_tags\tag.h">
      <Filter>../raycasting_with_tags</Filter>
    </ClInclude>
  </ItemGroup>
</Project>