Microsoft Visual Studio Solution File, Format Version 8.00
Project("{8BC9CEB8-8B4A-11D0-8D11-00A0C91BC942}") = "Volley", "Volley.vcproj", "{58D0475A-0CA6-4851-B0A9-E03F627FED1C}"
	ProjectSection(ProjectDependencies) = postProject
	EndProjectSection
EndProject
Global
	GlobalSection(SolutionConfiguration) = preSolution
		Debug = Debug
		Release = Release
	EndGlobalSection
	GlobalSection(ProjectConfiguration) = postSolution
		{58D0475A-0CA6-4851-B0A9-E03F627FED1C}.Debug.ActiveCfg = Debug|Win32
		{58D0475A-0CA6-4851-B0A9-E03F627FED1C}.Debug.Build.0 = Debug|Win32
		{58D0475A-0CA6-4851-B0A9-E03F627FED1C}.Release.ActiveCfg = Release|Win32
		{58D0475A-0CA6-4851-B0A9-E03F627FED1C}.Release.Build.0 = Release|Win32
	EndGlobalSection
	GlobalSection(ExtensibilityGlobals) = postSolution
	EndGlobalSection
	GlobalSection(ExtensibilityAddIns) = postSolution
	EndGlobalSection
EndGlobal
