<?xml version="1.0" encoding="utf-8"?>
<Project ToolsVersion="4.0" xmlns="http://schemas.microsoft.com/developer/msbuild/2003">
  <ItemGroup>
    <Filter Include="Source Files">
      <UniqueIdentifier>{4FC737F1-C7A5-4376-A066-2A32D752A2FF}</UniqueIdentifier>
      <Extensions>cpp;c;cc;cxx;def;odl;idl;hpj;bat;asm;asmx</Extensions>
    </Filter>
    <Filter Include="Header Files">
      <UniqueIdentifier>{93995380-89BD-4b04-88EB-625FBE52EBFB}</UniqueIdentifier>
      <Extensions>h;hpp;hxx;hm;inl;inc;xsd</Extensions>
    </Filter>
    <Filter Include="Resource Files">
      <UniqueIdentifier>{67DA6AB6-F800-4c08-8B7A-83BB121AAD01}</UniqueIdentifier>
      <Extensions>rc;ico;cur;bmp;dlg;rc2;rct;bin;rgs;gif;jpg;jpeg;jpe;resx;tiff;tif;png;wav;mfcribbon-ms</Extensions>
    </Filter>
    <Filter Include="../BenBenRaycasting">
      <UniqueIdentifier>{5029f362-9375-4fa7-9ef4-d02b3a7b742f}</UniqueIdentifier>
    </Filter>
    <Filter Include="../my_raycasting">
      <UniqueIdentifier>{424738dc-78cc-4ec2-9a8b-8994225b0758}</UniqueIdentifier>
    </Filter>
  </ItemGroup>
  <ItemGroup>
    <ClInclude Include="LH_Histograms_Constructor.h">
      <Filter>Header Files</Filter>
    </ClInclude>
    <ClInclude Include="..\BenBenRaycasting\color.h">
      <Filter>../BenBenRaycasting</Filter>
    </ClInclude>
    <ClInclude Include="..\BenBenRaycasting\Volume.h">
      <Filter>../BenBenRaycasting</Filter>
    </ClInclude>
    <ClInclude Include="..\my_raycasting\VolumeReader.h">
      <Filter>../my_raycasting</Filter>
    </ClInclude>
  </ItemGroup>
  <ItemGroup>
    <ClCompile Include="test.cpp">
      <Filter>Source Files</Filter>
    </ClCompile>
    <ClCompile Include="..\BenBenRaycasting\Volume.cpp">
      <Filter>../BenBenRaycasting</Filter>
    </ClCompile>
  </ItemGroup>
</Project>